// !$*UTF8*$!
{
	archiveVersion = 1;
	classes = {
	};
	objectVersion = 56;
	objects = {

/* Begin PBXBuildFile section */
		A10000010000000000000001 /* WikiMarkApp.swift in Sources */ = {isa = PBXBuildFile; fileRef = A20000010000000000000001 /* WikiMarkApp.swift */; };
		A10000020000000000000002 /* ContentView.swift in Sources */ = {isa = PBXBuildFile; fileRef = A20000020000000000000002 /* ContentView.swift */; };
		A10000030000000000000003 /* SidebarView.swift in Sources */ = {isa = PBXBuildFile; fileRef = A20000030000000000000003 /* SidebarView.swift */; };
		A10000040000000000000004 /* DocumentView.swift in Sources */ = {isa = PBXBuildFile; fileRef = A20000040000000000000004 /* DocumentView.swift */; };
		A10000050000000000000005 /* MarkdownEditorView.swift in Sources */ = {isa = PBXBuildFile; fileRef = A20000050000000000000005 /* MarkdownEditorView.swift */; };
		A10000060000000000000006 /* MarkdownViewerView.swift in Sources */ = {isa = PBXBuildFile; fileRef = A20000060000000000000006 /* MarkdownViewerView.swift */; };
		A10000070000000000000007 /* CreateMissingFileSheet.swift in Sources */ = {isa = PBXBuildFile; fileRef = A20000070000000000000007 /* CreateMissingFileSheet.swift */; };
		A10000080000000000000008 /* LinkSearchPanel.swift in Sources */ = {isa = PBXBuildFile; fileRef = A20000080000000000000008 /* LinkSearchPanel.swift */; };
		A10000090000000000000009 /* FileItem.swift in Sources */ = {isa = PBXBuildFile; fileRef = A20000090000000000000009 /* FileItem.swift */; };
		A1000010000000000000000A /* FileTreeViewModel.swift in Sources */ = {isa = PBXBuildFile; fileRef = A2000010000000000000000A /* FileTreeViewModel.swift */; };
		A1000011000000000000000B /* FileCoordinatorHelper.swift in Sources */ = {isa = PBXBuildFile; fileRef = A2000011000000000000000B /* FileCoordinatorHelper.swift */; };
		A1000012000000000000000C /* ICloudContainerHelper.swift in Sources */ = {isa = PBXBuildFile; fileRef = A2000012000000000000000C /* ICloudContainerHelper.swift */; };
		A1000013000000000000000D /* MarkdownRenderer.swift in Sources */ = {isa = PBXBuildFile; fileRef = A2000013000000000000000D /* MarkdownRenderer.swift */; };
		A1000014000000000000000E /* markdown.css in Resources */ = {isa = PBXBuildFile; fileRef = A2000014000000000000000E /* markdown.css */; };
		A1000015000000000000000F /* cmark in Frameworks */ = {isa = PBXBuildFile; productRef = A6000001000000000000000F /* cmark */; };
		A1000016000000000000001A /* Assets.xcassets in Resources */ = {isa = PBXBuildFile; fileRef = A2000017000000000000001A /* Assets.xcassets */; };
		A1000017000000000000001B /* RichMarkdownEditor.swift in Sources */ = {isa = PBXBuildFile; fileRef = A2000018000000000000001B /* RichMarkdownEditor.swift */; };
		A1000018000000000000001C /* MarkdownHighlighter.swift in Sources */ = {isa = PBXBuildFile; fileRef = A2000019000000000000001C /* MarkdownHighlighter.swift */; };
/* End PBXBuildFile section */

/* Begin PBXFileReference section */
		A20000010000000000000001 /* WikiMarkApp.swift */ = {isa = PBXFileReference; lastKnownFileType = sourcecode.swift; path = WikiMarkApp.swift; sourceTree = "<group>"; };
		A20000020000000000000002 /* ContentView.swift */ = {isa = PBXFileReference; lastKnownFileType = sourcecode.swift; path = ContentView.swift; sourceTree = "<group>"; };
		A20000030000000000000003 /* SidebarView.swift */ = {isa = PBXFileReference; lastKnownFileType = sourcecode.swift; path = SidebarView.swift; sourceTree = "<group>"; };
		A20000040000000000000004 /* DocumentView.swift */ = {isa = PBXFileReference; lastKnownFileType = sourcecode.swift; path = DocumentView.swift; sourceTree = "<group>"; };
		A20000050000000000000005 /* MarkdownEditorView.swift */ = {isa = PBXFileReference; lastKnownFileType = sourcecode.swift; path = MarkdownEditorView.swift; sourceTree = "<group>"; };
		A20000060000000000000006 /* MarkdownViewerView.swift */ = {isa = PBXFileReference; lastKnownFileType = sourcecode.swift; path = MarkdownViewerView.swift; sourceTree = "<group>"; };
		A20000070000000000000007 /* CreateMissingFileSheet.swift */ = {isa = PBXFileReference; lastKnownFileType = sourcecode.swift; path = CreateMissingFileSheet.swift; sourceTree = "<group>"; };
		A20000080000000000000008 /* LinkSearchPanel.swift */ = {isa = PBXFileReference; lastKnownFileType = sourcecode.swift; path = LinkSearchPanel.swift; sourceTree = "<group>"; };
		A20000090000000000000009 /* FileItem.swift */ = {isa = PBXFileReference; lastKnownFileType = sourcecode.swift; path = FileItem.swift; sourceTree = "<group>"; };
		A2000010000000000000000A /* FileTreeViewModel.swift */ = {isa = PBXFileReference; lastKnownFileType = sourcecode.swift; path = FileTreeViewModel.swift; sourceTree = "<group>"; };
		A2000011000000000000000B /* FileCoordinatorHelper.swift */ = {isa = PBXFileReference; lastKnownFileType = sourcecode.swift; path = FileCoordinatorHelper.swift; sourceTree = "<group>"; };
		A2000012000000000000000C /* ICloudContainerHelper.swift */ = {isa = PBXFileReference; lastKnownFileType = sourcecode.swift; path = ICloudContainerHelper.swift; sourceTree = "<group>"; };
		A2000013000000000000000D /* MarkdownRenderer.swift */ = {isa = PBXFileReference; lastKnownFileType = sourcecode.swift; path = MarkdownRenderer.swift; sourceTree = "<group>"; };
		A2000014000000000000000E /* markdown.css */ = {isa = PBXFileReference; lastKnownFileType = text.css; path = markdown.css; sourceTree = "<group>"; };
		A2000015000000000000000F /* WikiMark.entitlements */ = {isa = PBXFileReference; lastKnownFileType = text.plist.entitlements; path = WikiMark.entitlements; sourceTree = "<group>"; };
		A20000160000000000000010 /* Info.plist */ = {isa = PBXFileReference; lastKnownFileType = text.plist.xml; path = Info.plist; sourceTree = "<group>"; };
		A2000017000000000000001A /* Assets.xcassets */ = {isa = PBXFileReference; lastKnownFileType = folder.assetcatalog; path = Assets.xcassets; sourceTree = "<group>"; };
		A2000018000000000000001B /* RichMarkdownEditor.swift */ = {isa = PBXFileReference; lastKnownFileType = sourcecode.swift; path = RichMarkdownEditor.swift; sourceTree = "<group>"; };
		A2000019000000000000001C /* MarkdownHighlighter.swift */ = {isa = PBXFileReference; lastKnownFileType = sourcecode.swift; path = MarkdownHighlighter.swift; sourceTree = "<group>"; };
		A30000010000000000000001 /* WikiMark.app */ = {isa = PBXFileReference; explicitFileType = wrapper.application; includeInIndex = 0; path = WikiMark.app; sourceTree = BUILT_PRODUCTS_DIR; };
/* End PBXFileReference section */

/* Begin PBXFrameworksBuildPhase section */
		A40000010000000000000001 /* Frameworks */ = {
			isa = PBXFrameworksBuildPhase;
			buildActionMask = 2147483647;
			files = (
				A1000015000000000000000F /* cmark in Frameworks */,
			);
			runOnlyForDeploymentPostprocessing = 0;
		};
/* End PBXFrameworksBuildPhase section */

/* Begin PBXGroup section */
		A50000010000000000000001 /* Root */ = {
			isa = PBXGroup;
			children = (
				A50000020000000000000002 /* WikiMark */,
				A50000070000000000000007 /* Products */,
			);
			sourceTree = "<group>";
		};
		A50000020000000000000002 /* WikiMark */ = {
			isa = PBXGroup;
			children = (
				A20000010000000000000001 /* WikiMarkApp.swift */,
				A20000150000000000000010 /* Info.plist */,
				A2000015000000000000000F /* WikiMark.entitlements */,
				A50000030000000000000003 /* Models */,
				A50000040000000000000004 /* ViewModels */,
				A50000050000000000000005 /* Views */,
				A50000060000000000000006 /* Utilities */,
				A50000080000000000000008 /* Resources */,
			);
			path = WikiMark;
			sourceTree = "<group>";
		};
		A50000030000000000000003 /* Models */ = {
			isa = PBXGroup;
			children = (
				A20000090000000000000009 /* FileItem.swift */,
			);
			path = Models;
			sourceTree = "<group>";
		};
		A50000040000000000000004 /* ViewModels */ = {
			isa = PBXGroup;
			children = (
				A2000010000000000000000A /* FileTreeViewModel.swift */,
			);
			path = ViewModels;
			sourceTree = "<group>";
		};
		A50000050000000000000005 /* Views */ = {
			isa = PBXGroup;
			children = (
				A20000020000000000000002 /* ContentView.swift */,
				A20000030000000000000003 /* SidebarView.swift */,
				A20000040000000000000004 /* DocumentView.swift */,
				A20000050000000000000005 /* MarkdownEditorView.swift */,
				A20000060000000000000006 /* MarkdownViewerView.swift */,
				A20000070000000000000007 /* CreateMissingFileSheet.swift */,
				A20000080000000000000008 /* LinkSearchPanel.swift */,
				A2000018000000000000001B /* RichMarkdownEditor.swift */,
			);
			path = Views;
			sourceTree = "<group>";
		};
		A50000060000000000000006 /* Utilities */ = {
			isa = PBXGroup;
			children = (
				A2000011000000000000000B /* FileCoordinatorHelper.swift */,
				A2000012000000000000000C /* ICloudContainerHelper.swift */,
				A2000013000000000000000D /* MarkdownRenderer.swift */,
				A2000019000000000000001C /* MarkdownHighlighter.swift */,
			);
			path = Utilities;
			sourceTree = "<group>";
		};
		A50000070000000000000007 /* Products */ = {
			isa = PBXGroup;
			children = (
				A30000010000000000000001 /* WikiMark.app */,
			);
			name = Products;
			sourceTree = "<group>";
		};
		A50000080000000000000008 /* Resources */ = {
			isa = PBXGroup;
			children = (
				A2000014000000000000000E /* markdown.css */,
				A2000017000000000000001A /* Assets.xcassets */,
			);
			path = Resources;
			sourceTree = "<group>";
		};
/* End PBXGroup section */

/* Begin PBXNativeTarget section */
		A70000010000000000000001 /* WikiMark */ = {
			isa = PBXNativeTarget;
			buildConfigurationList = A90000010000000000000001 /* Build configuration list for PBXNativeTarget "WikiMark" */;
			buildPhases = (
				A80000010000000000000001 /* Sources */,
				A40000010000000000000001 /* Frameworks */,
				A80000020000000000000002 /* Resources */,
			);
			buildRules = (
			);
			dependencies = (
			);
			name = WikiMark;
			packageProductDependencies = (
				A6000001000000000000000F /* cmark */,
			);
			productName = WikiMark;
			productReference = A30000010000000000000001 /* WikiMark.app */;
			productType = "com.apple.product-type.application";
		};
/* End PBXNativeTarget section */

/* Begin PBXProject section */
		AB0000010000000000000001 /* Project object */ = {
			isa = PBXProject;
			attributes = {
				BuildIndependentTargetsInParallel = 1;
				LastSwiftUpdateCheck = 1500;
				LastUpgradeCheck = 1500;
				TargetAttributes = {
					A70000010000000000000001 = {
						CreatedOnToolsVersion = 15.0;
					};
				};
			};
			buildConfigurationList = A90000020000000000000002 /* Build configuration list for PBXProject "WikiMark" */;
			compatibilityVersion = "Xcode 14.0";
			developmentRegion = en;
			hasScannedForEncodings = 0;
			knownRegions = (
				en,
				Base,
			);
			mainGroup = A50000010000000000000001 /* Root */;
			packageReferences = (
				AC0000010000000000000001 /* XCRemoteSwiftPackageReference "cmark" */,
			);
			productRefGroup = A50000070000000000000007 /* Products */;
			projectDirPath = "";
			projectRoot = "";
			targets = (
				A70000010000000000000001 /* WikiMark */,
			);
		};
/* End PBXProject section */

/* Begin PBXResourcesBuildPhase section */
		A80000020000000000000002 /* Resources */ = {
			isa = PBXResourcesBuildPhase;
			buildActionMask = 2147483647;
			files = (
				A1000014000000000000000E /* markdown.css in Resources */,
				A1000016000000000000001A /* Assets.xcassets in Resources */,
			);
			runOnlyForDeploymentPostprocessing = 0;
		};
/* End PBXResourcesBuildPhase section */

/* Begin PBXSourcesBuildPhase section */
		A80000010000000000000001 /* Sources */ = {
			isa = PBXSourcesBuildPhase;
			buildActionMask = 2147483647;
			files = (
				A10000010000000000000001 /* WikiMarkApp.swift in Sources */,
				A10000020000000000000002 /* ContentView.swift in Sources */,
				A10000030000000000000003 /* SidebarView.swift in Sources */,
				A10000040000000000000004 /* DocumentView.swift in Sources */,
				A10000050000000000000005 /* MarkdownEditorView.swift in Sources */,
				A10000060000000000000006 /* MarkdownViewerView.swift in Sources */,
				A10000070000000000000007 /* CreateMissingFileSheet.swift in Sources */,
				A10000080000000000000008 /* LinkSearchPanel.swift in Sources */,
				A10000090000000000000009 /* FileItem.swift in Sources */,
				A1000010000000000000000A /* FileTreeViewModel.swift in Sources */,
				A1000011000000000000000B /* FileCoordinatorHelper.swift in Sources */,
				A1000012000000000000000C /* ICloudContainerHelper.swift in Sources */,
				A1000013000000000000000D /* MarkdownRenderer.swift in Sources */,
				A1000017000000000000001B /* RichMarkdownEditor.swift in Sources */,
				A1000018000000000000001C /* MarkdownHighlighter.swift in Sources */,
			);
			runOnlyForDeploymentPostprocessing = 0;
		};
/* End PBXSourcesBuildPhase section */

/* Begin XCBuildConfiguration section */
		AA0000010000000000000001 /* Debug */ = {
			isa = XCBuildConfiguration;
			buildSettings = {
				ALWAYS_SEARCH_USER_PATHS = NO;
				ASSETCATALOG_COMPILER_GENERATE_SWIFT_ASSET_SYMBOL_EXTENSIONS = YES;
				CLANG_ANALYZER_NONNULL = YES;
				CLANG_ANALYZER_NUMBER_OBJECT_CONVERSION = YES_AGGRESSIVE;
				CLANG_CXX_LANGUAGE_STANDARD = "gnu++20";
				CLANG_ENABLE_MODULES = YES;
				CLANG_ENABLE_OBJC_ARC = YES;
				CLANG_ENABLE_OBJC_WEAK = YES;
				CLANG_WARN_BLOCK_CAPTURE_AUTORELEASING = YES;
				CLANG_WARN_BOOL_CONVERSION = YES;
				CLANG_WARN_COMMA = YES;
				CLANG_WARN_CONSTANT_CONVERSION = YES;
				CLANG_WARN_DEPRECATED_OBJC_IMPLEMENTATIONS = YES;
				CLANG_WARN_DIRECT_OBJC_ISA_USAGE = YES_ERROR;
				CLANG_WARN_DOCUMENTATION_COMMENTS = YES;
				CLANG_WARN_EMPTY_BODY = YES;
				CLANG_WARN_ENUM_CONVERSION = YES;
				CLANG_WARN_INFINITE_RECURSION = YES;
				CLANG_WARN_INT_CONVERSION = YES;
				CLANG_WARN_NON_LITERAL_NULL_CONVERSION = YES;
				CLANG_WARN_OBJC_IMPLICIT_RETAIN_SELF = YES;
				CLANG_WARN_OBJC_LITERAL_CONVERSION = YES;
				CLANG_WARN_OBJC_ROOT_CLASS = YES_ERROR;
				CLANG_WARN_QUOTED_INCLUDE_IN_FRAMEWORK_HEADER = YES;
				CLANG_WARN_RANGE_LOOP_ANALYSIS = YES;
				CLANG_WARN_STRICT_PROTOTYPES = YES;
				CLANG_WARN_SUSPICIOUS_MOVE = YES;
				CLANG_WARN_UNGUARDED_AVAILABILITY = YES_AGGRESSIVE;
				CLANG_WARN_UNREACHABLE_CODE = YES;
				CLANG_WARN__DUPLICATE_METHOD_MATCH = YES;
				COPY_PHASE_STRIP = NO;
				DEBUG_INFORMATION_FORMAT = dwarf;
				ENABLE_STRICT_OBJC_MSGSEND = YES;
				ENABLE_TESTABILITY = YES;
				ENABLE_USER_SCRIPT_SANDBOXING = YES;
				GCC_C_LANGUAGE_STANDARD = gnu17;
				GCC_DYNAMIC_NO_PIC = NO;
				GCC_NO_COMMON_BLOCKS = YES;
				GCC_OPTIMIZATION_LEVEL = 0;
				GCC_PREPROCESSOR_DEFINITIONS = (
					"DEBUG=1",
					"$(inherited)",
				);
				GCC_WARN_64_TO_32_BIT_CONVERSION = YES;
				GCC_WARN_ABOUT_RETURN_TYPE = YES_ERROR;
				GCC_WARN_UNDECLARED_SELECTOR = YES;
				GCC_WARN_UNINITIALIZED_AUTOS = YES_AGGRESSIVE;
				GCC_WARN_UNUSED_FUNCTION = YES;
				GCC_WARN_UNUSED_VARIABLE = YES;
				MACOSX_DEPLOYMENT_TARGET = 13.0;
				MTL_ENABLE_DEBUG_INFO = INCLUDE_SOURCE;
				MTL_FAST_MATH = YES;
				ONLY_ACTIVE_ARCH = YES;
				SDKROOT = macosx;
				SWIFT_ACTIVE_COMPILATION_CONDITIONS = "DEBUG $(inherited)";
				SWIFT_OPTIMIZATION_LEVEL = "-Onone";
			};
			name = Debug;
		};
		AA0000020000000000000002 /* Release */ = {
			isa = XCBuildConfiguration;
			buildSettings = {
				ALWAYS_SEARCH_USER_PATHS = NO;
				ASSETCATALOG_COMPILER_GENERATE_SWIFT_ASSET_SYMBOL_EXTENSIONS = YES;
				CLANG_ANALYZER_NONNULL = YES;
				CLANG_ANALYZER_NUMBER_OBJECT_CONVERSION = YES_AGGRESSIVE;
				CLANG_CXX_LANGUAGE_STANDARD = "gnu++20";
				CLANG_ENABLE_MODULES = YES;
				CLANG_ENABLE_OBJC_ARC = YES;
				CLANG_ENABLE_OBJC_WEAK = YES;
				CLANG_WARN_BLOCK_CAPTURE_AUTORELEASING = YES;
				CLANG_WARN_BOOL_CONVERSION = YES;
				CLANG_WARN_COMMA = YES;
				CLANG_WARN_CONSTANT_CONVERSION = YES;
				CLANG_WARN_DEPRECATED_OBJC_IMPLEMENTATIONS = YES;
				CLANG_WARN_DIRECT_OBJC_ISA_USAGE = YES_ERROR;
				CLANG_WARN_DOCUMENTATION_COMMENTS = YES;
				CLANG_WARN_EMPTY_BODY = YES;
				CLANG_WARN_ENUM_CONVERSION = YES;
				CLANG_WARN_INFINITE_RECURSION = YES;
				CLANG_WARN_INT_CONVERSION = YES;
				CLANG_WARN_NON_LITERAL_NULL_CONVERSION = YES;
				CLANG_WARN_OBJC_IMPLICIT_RETAIN_SELF = YES;
				CLANG_WARN_OBJC_LITERAL_CONVERSION = YES;
				CLANG_WARN_OBJC_ROOT_CLASS = YES_ERROR;
				CLANG_WARN_QUOTED_INCLUDE_IN_FRAMEWORK_HEADER = YES;
				CLANG_WARN_RANGE_LOOP_ANALYSIS = YES;
				CLANG_WARN_STRICT_PROTOTYPES = YES;
				CLANG_WARN_SUSPICIOUS_MOVE = YES;
				CLANG_WARN_UNGUARDED_AVAILABILITY = YES_AGGRESSIVE;
				CLANG_WARN_UNREACHABLE_CODE = YES;
				CLANG_WARN__DUPLICATE_METHOD_MATCH = YES;
				COPY_PHASE_STRIP = NO;
				DEBUG_INFORMATION_FORMAT = "dwarf-with-dsym";
				ENABLE_NS_ASSERTIONS = NO;
				ENABLE_STRICT_OBJC_MSGSEND = YES;
				ENABLE_USER_SCRIPT_SANDBOXING = YES;
				GCC_C_LANGUAGE_STANDARD = gnu17;
				GCC_NO_COMMON_BLOCKS = YES;
				GCC_WARN_64_TO_32_BIT_CONVERSION = YES;
				GCC_WARN_ABOUT_RETURN_TYPE = YES_ERROR;
				GCC_WARN_UNDECLARED_SELECTOR = YES;
				GCC_WARN_UNINITIALIZED_AUTOS = YES_AGGRESSIVE;
				GCC_WARN_UNUSED_FUNCTION = YES;
				GCC_WARN_UNUSED_VARIABLE = YES;
				MACOSX_DEPLOYMENT_TARGET = 13.0;
				MTL_ENABLE_DEBUG_INFO = NO;
				MTL_FAST_MATH = YES;
				SDKROOT = macosx;
				SWIFT_COMPILATION_MODE = wholemodule;
			};
			name = Release;
		};
		AA0000030000000000000003 /* Debug */ = {
			isa = XCBuildConfiguration;
			buildSettings = {
				ASSETCATALOG_COMPILER_APPICON_NAME = AppIcon;
				ASSETCATALOG_COMPILER_GLOBAL_ACCENT_COLOR_NAME = AccentColor;
				CODE_SIGN_ENTITLEMENTS = WikiMark/WikiMark.entitlements;
				CODE_SIGN_STYLE = Automatic;
				COMBINE_HIDPI_IMAGES = YES;
				CURRENT_PROJECT_VERSION = 1;
				DEVELOPMENT_TEAM = "";
				ENABLE_HARDENED_RUNTIME = YES;
				GENERATE_INFOPLIST_FILE = YES;
				INFOPLIST_FILE = WikiMark/Info.plist;
				INFOPLIST_KEY_LSApplicationCategoryType = "public.app-category.productivity";
				INFOPLIST_KEY_NSHumanReadableCopyright = "";
				LD_RUNPATH_SEARCH_PATHS = (
					"$(inherited)",
					"@executable_path/../Frameworks",
				);
				MARKETING_VERSION = 1.0;
				PRODUCT_BUNDLE_IDENTIFIER = com.wikimark.WikiMark;
				PRODUCT_NAME = "$(TARGET_NAME)";
				SWIFT_EMIT_LOC_STRINGS = YES;
				SWIFT_VERSION = 5.0;
			};
			name = Debug;
		};
		AA0000040000000000000004 /* Release */ = {
			isa = XCBuildConfiguration;
			buildSettings = {
				ASSETCATALOG_COMPILER_APPICON_NAME = AppIcon;
				ASSETCATALOG_COMPILER_GLOBAL_ACCENT_COLOR_NAME = AccentColor;
				CODE_SIGN_ENTITLEMENTS = WikiMark/WikiMark.entitlements;
				CODE_SIGN_STYLE = Automatic;
				COMBINE_HIDPI_IMAGES = YES;
				CURRENT_PROJECT_VERSION = 1;
				DEVELOPMENT_TEAM = "";
				ENABLE_HARDENED_RUNTIME = YES;
				GENERATE_INFOPLIST_FILE = YES;
				INFOPLIST_FILE = WikiMark/Info.plist;
				INFOPLIST_KEY_LSApplicationCategoryType = "public.app-category.productivity";
				INFOPLIST_KEY_NSHumanReadableCopyright = "";
				LD_RUNPATH_SEARCH_PATHS = (
					"$(inherited)",
					"@executable_path/../Frameworks",
				);
				MARKETING_VERSION = 1.0;
				PRODUCT_BUNDLE_IDENTIFIER = com.wikimark.WikiMark;
				PRODUCT_NAME = "$(TARGET_NAME)";
				SWIFT_EMIT_LOC_STRINGS = YES;
				SWIFT_VERSION = 5.0;
			};
			name = Release;
		};
/* End XCBuildConfiguration section */

/* Begin XCConfigurationList section */
		A90000010000000000000001 /* Build configuration list for PBXNativeTarget "WikiMark" */ = {
			isa = XCConfigurationList;
			buildConfigurations = (
				AA0000030000000000000003 /* Debug */,
				AA0000040000000000000004 /* Release */,
			);
			defaultConfigurationIsVisible = 0;
			defaultConfigurationName = Release;
		};
		A90000020000000000000002 /* Build configuration list for PBXProject "WikiMark" */ = {
			isa = XCConfigurationList;
			buildConfigurations = (
				AA0000010000000000000001 /* Debug */,
				AA0000020000000000000002 /* Release */,
			);
			defaultConfigurationIsVisible = 0;
			defaultConfigurationName = Release;
		};
/* End XCConfigurationList section */

/* Begin XCRemoteSwiftPackageReference section */
		AC0000010000000000000001 /* XCRemoteSwiftPackageReference "cmark" */ = {
			isa = XCRemoteSwiftPackageReference;
			repositoryURL = "https://github.com/commonmark/cmark.git";
			requirement = {
				kind = upToNextMajorVersion;
				minimumVersion = 0.31.1;
			};
		};
/* End XCRemoteSwiftPackageReference section */

/* Begin XCSwiftPackageProductDependency section */
		A6000001000000000000000F /* cmark */ = {
			isa = XCSwiftPackageProductDependency;
			package = AC0000010000000000000001 /* XCRemoteSwiftPackageReference "cmark" */;
			productName = cmark;
		};
/* End XCSwiftPackageProductDependency section */
	};
	rootObject = AB0000010000000000000001 /* Project object */;
}
